
Microsoft Visual Studio Solution File, Format Version 12.00
# Visual Studio Version 17
VisualStudioVersion = 17.7.34202.233
MinimumVisualStudioVersion = 10.0.40219.1
Project("{FAE04EC0-301F-11D3-BF4B-00C04F79EFBC}") = "WinFormsApp9", "WinFormsApp9\WinFormsApp9.csproj", "{0B23B0DF-6F16-4D54-B7D7-06411A29888D}"
EndProject
Global
	GlobalSection(SolutionConfigurationPlatforms) = preSolution
		Debug|Any CPU = Debug|Any CPU
		Release|Any CPU = Release|Any CPU
	EndGlobalSection
	GlobalSection(ProjectConfigurationPlatforms) = postSolution
		{0B23B0DF-6F16-4D54-B7D7-06411A29888D}.Debug|Any CPU.ActiveCfg = Debug|Any CPU
		{0B23B0DF-6F16-4D54-B7D7-06411A29888D}.Debug|Any CPU.Build.0 = Debug|Any CPU
		{0B23B0DF-6F16-4D54-B7D7-06411A29888D}.Release|Any CPU.ActiveCfg = Release|Any CPU
		{0B23B0DF-6F16-4D54-B7D7-06411A29888D}.Release|Any CPU.Build.0 = Release|Any CPU
	EndGlobalSection
	GlobalSection(SolutionProperties) = preSolution
		HideSolutionNode = FALSE
	EndGlobalSection
	GlobalSection(ExtensibilityGlobals) = postSolution
		SolutionGuid = {5FA0A965-56A3-4B9E-953C-3E55A3C0A74D}
	EndGlobalSection
EndGlobal
